// !$*UTF8*$!
{
	archiveVersion = 1;
	classes = {
	};
	objectVersion = 50;
	objects = {

/* Begin PBXBuildFile section */
		846CACD32088B414006B4D10 /* ProductTableViewCell.swift in Sources */ = {isa = PBXBuildFile; fileRef = 846CACD22088B414006B4D10 /* ProductTableViewCell.swift */; };
		846CACD62088C548006B4D10 /* ComprasUSA.xcdatamodeld in Sources */ = {isa = PBXBuildFile; fileRef = 846CACD42088C548006B4D10 /* ComprasUSA.xcdatamodeld */; };
		8493D4FF208674D300E07080 /* AppDelegate.swift in Sources */ = {isa = PBXBuildFile; fileRef = 8493D4FE208674D300E07080 /* AppDelegate.swift */; };
		8493D501208674D300E07080 /* ViewController.swift in Sources */ = {isa = PBXBuildFile; fileRef = 8493D500208674D300E07080 /* ViewController.swift */; };
		8493D504208674D300E07080 /* Main.storyboard in Resources */ = {isa = PBXBuildFile; fileRef = 8493D502208674D300E07080 /* Main.storyboard */; };
		8493D506208674D500E07080 /* Assets.xcassets in Resources */ = {isa = PBXBuildFile; fileRef = 8493D505208674D500E07080 /* Assets.xcassets */; };
		8493D509208674D500E07080 /* LaunchScreen.storyboard in Resources */ = {isa = PBXBuildFile; fileRef = 8493D507208674D500E07080 /* LaunchScreen.storyboard */; };
		8493D517208685C400E07080 /* gear-7.png in Resources */ = {isa = PBXBuildFile; fileRef = 8493D516208685C400E07080 /* gear-7.png */; };
		8493D51A208686B100E07080 /* bag.png in Resources */ = {isa = PBXBuildFile; fileRef = 8493D519208686B100E07080 /* bag.png */; };
		8493D51C2086903100E07080 /* ProductsTableViewController.swift in Sources */ = {isa = PBXBuildFile; fileRef = 8493D51B2086903100E07080 /* ProductsTableViewController.swift */; };
/* End PBXBuildFile section */

/* Begin PBXFileReference section */
		846CACD22088B414006B4D10 /* ProductTableViewCell.swift */ = {isa = PBXFileReference; lastKnownFileType = sourcecode.swift; path = ProductTableViewCell.swift; sourceTree = "<group>"; };
		846CACD52088C548006B4D10 /* ComprasUSA.xcdatamodel */ = {isa = PBXFileReference; lastKnownFileType = wrapper.xcdatamodel; path = ComprasUSA.xcdatamodel; sourceTree = "<group>"; };
		8493D4FB208674D300E07080 /* RafaelSoares.app */ = {isa = PBXFileReference; explicitFileType = wrapper.application; includeInIndex = 0; path = RafaelSoares.app; sourceTree = BUILT_PRODUCTS_DIR; };
		8493D4FE208674D300E07080 /* AppDelegate.swift */ = {isa = PBXFileReference; lastKnownFileType = sourcecode.swift; path = AppDelegate.swift; sourceTree = "<group>"; };
		8493D500208674D300E07080 /* ViewController.swift */ = {isa = PBXFileReference; lastKnownFileType = sourcecode.swift; path = ViewController.swift; sourceTree = "<group>"; };
		8493D503208674D300E07080 /* Base */ = {isa = PBXFileReference; lastKnownFileType = file.storyboard; name = Base; path = Base.lproj/Main.storyboard; sourceTree = "<group>"; };
		8493D505208674D500E07080 /* Assets.xcassets */ = {isa = PBXFileReference; lastKnownFileType = folder.assetcatalog; path = Assets.xcassets; sourceTree = "<group>"; };
		8493D508208674D500E07080 /* Base */ = {isa = PBXFileReference; lastKnownFileType = file.storyboard; name = Base; path = Base.lproj/LaunchScreen.storyboard; sourceTree = "<group>"; };
		8493D50A208674D500E07080 /* Info.plist */ = {isa = PBXFileReference; lastKnownFileType = text.plist.xml; path = Info.plist; sourceTree = "<group>"; };
		8493D516208685C400E07080 /* gear-7.png */ = {isa = PBXFileReference; lastKnownFileType = image.png; path = "gear-7.png"; sourceTree = "<group>"; };
		8493D519208686B100E07080 /* bag.png */ = {isa = PBXFileReference; lastKnownFileType = image.png; path = bag.png; sourceTree = "<group>"; };
		8493D51B2086903100E07080 /* ProductsTableViewController.swift */ = {isa = PBXFileReference; lastKnownFileType = sourcecode.swift; path = ProductsTableViewController.swift; sourceTree = "<group>"; };
/* End PBXFileReference section */

/* Begin PBXFrameworksBuildPhase section */
		8493D4F8208674D300E07080 /* Frameworks */ = {
			isa = PBXFrameworksBuildPhase;
			buildActionMask = 2147483647;
			files = (
			);
			runOnlyForDeploymentPostprocessing = 0;
		};
/* End PBXFrameworksBuildPhase section */

/* Begin PBXGroup section */
		846CACD12088B3C6006B4D10 /* Product */ = {
			isa = PBXGroup;
			children = (
				8493D51B2086903100E07080 /* ProductsTableViewController.swift */,
				846CACD22088B414006B4D10 /* ProductTableViewCell.swift */,
			);
			path = Product;
			sourceTree = "<group>";
		};
		8493D4F2208674D300E07080 = {
			isa = PBXGroup;
			children = (
				8493D4FD208674D300E07080 /* RafaelSoares */,
				8493D4FC208674D300E07080 /* Products */,
			);
			sourceTree = "<group>";
		};
		8493D4FC208674D300E07080 /* Products */ = {
			isa = PBXGroup;
			children = (
				8493D4FB208674D300E07080 /* RafaelSoares.app */,
			);
			name = Products;
			sourceTree = "<group>";
		};
		8493D4FD208674D300E07080 /* RafaelSoares */ = {
			isa = PBXGroup;
			children = (
				846CACD12088B3C6006B4D10 /* Product */,
				8493D5182086864900E07080 /* Resources */,
				8493D4FE208674D300E07080 /* AppDelegate.swift */,
				8493D500208674D300E07080 /* ViewController.swift */,
				846CACD42088C548006B4D10 /* ComprasUSA.xcdatamodeld */,
				8493D502208674D300E07080 /* Main.storyboard */,
				8493D505208674D500E07080 /* Assets.xcassets */,
				8493D507208674D500E07080 /* LaunchScreen.storyboard */,
				8493D50A208674D500E07080 /* Info.plist */,
			);
			path = RafaelSoares;
			sourceTree = "<group>";
		};
		8493D5182086864900E07080 /* Resources */ = {
			isa = PBXGroup;
			children = (
				8493D519208686B100E07080 /* bag.png */,
				8493D516208685C400E07080 /* gear-7.png */,
			);
			path = Resources;
			sourceTree = "<group>";
		};
/* End PBXGroup section */

/* Begin PBXNativeTarget section */
		8493D4FA208674D300E07080 /* RafaelSoares */ = {
			isa = PBXNativeTarget;
			buildConfigurationList = 8493D50D208674D500E07080 /* Build configuration list for PBXNativeTarget "RafaelSoares" */;
			buildPhases = (
				8493D4F7208674D300E07080 /* Sources */,
				8493D4F8208674D300E07080 /* Frameworks */,
				8493D4F9208674D300E07080 /* Resources */,
			);
			buildRules = (
			);
			dependencies = (
			);
			name = RafaelSoares;
			productName = RafaelSoares;
			productReference = 8493D4FB208674D300E07080 /* RafaelSoares.app */;
			productType = "com.apple.product-type.application";
		};
/* End PBXNativeTarget section */

/* Begin PBXProject section */
		8493D4F3208674D300E07080 /* Project object */ = {
			isa = PBXProject;
			attributes = {
				LastSwiftUpdateCheck = 0930;
				LastUpgradeCheck = 0930;
				ORGANIZATIONNAME = fiap;
				TargetAttributes = {
					8493D4FA208674D300E07080 = {
						CreatedOnToolsVersion = 9.3;
					};
				};
			};
			buildConfigurationList = 8493D4F6208674D300E07080 /* Build configuration list for PBXProject "RafaelSoares" */;
			compatibilityVersion = "Xcode 9.3";
			developmentRegion = en;
			hasScannedForEncodings = 0;
			knownRegions = (
				en,
				Base,
			);
			mainGroup = 8493D4F2208674D300E07080;
			productRefGroup = 8493D4FC208674D300E07080 /* Products */;
			projectDirPath = "";
			projectRoot = "";
			targets = (
				8493D4FA208674D300E07080 /* RafaelSoares */,
			);
		};
/* End PBXProject section */

/* Begin PBXResourcesBuildPhase section */
		8493D4F9208674D300E07080 /* Resources */ = {
			isa = PBXResourcesBuildPhase;
			buildActionMask = 2147483647;
			files = (
				8493D51A208686B100E07080 /* bag.png in Resources */,
				8493D509208674D500E07080 /* LaunchScreen.storyboard in Resources */,
				8493D506208674D500E07080 /* Assets.xcassets in Resources */,
				8493D517208685C400E07080 /* gear-7.png in Resources */,
				8493D504208674D300E07080 /* Main.storyboard in Resources */,
			);
			runOnlyForDeploymentPostprocessing = 0;
		};
/* End PBXResourcesBuildPhase section */

/* Begin PBXSourcesBuildPhase section */
		8493D4F7208674D300E07080 /* Sources */ = {
			isa = PBXSourcesBuildPhase;
			buildActionMask = 2147483647;
			files = (
				8493D501208674D300E07080 /* ViewController.swift in Sources */,
				846CACD32088B414006B4D10 /* ProductTableViewCell.swift in Sources */,
				8493D51C2086903100E07080 /* ProductsTableViewController.swift in Sources */,
				8493D4FF208674D300E07080 /* AppDelegate.swift in Sources */,
				846CACD62088C548006B4D10 /* ComprasUSA.xcdatamodeld in Sources */,
			);
			runOnlyForDeploymentPostprocessing = 0;
		};
/* End PBXSourcesBuildPhase section */

/* Begin PBXVariantGroup section */
		8493D502208674D300E07080 /* Main.storyboard */ = {
			isa = PBXVariantGroup;
			children = (
				8493D503208674D300E07080 /* Base */,
			);
			name = Main.storyboard;
			sourceTree = "<group>";
		};
		8493D507208674D500E07080 /* LaunchScreen.storyboard */ = {
			isa = PBXVariantGroup;
			children = (
				8493D508208674D500E07080 /* Base */,
			);
			name = LaunchScreen.storyboard;
			sourceTree = "<group>";
		};
/* End PBXVariantGroup section */

/* Begin XCBuildConfiguration section */
		8493D50B208674D500E07080 /* Debug */ = {
			isa = XCBuildConfiguration;
			buildSettings = {
				ALWAYS_SEARCH_USER_PATHS = NO;
				CLANG_ANALYZER_NONNULL = YES;
				CLANG_ANALYZER_NUMBER_OBJECT_CONVERSION = YES_AGGRESSIVE;
				CLANG_CXX_LANGUAGE_STANDARD = "gnu++14";
				CLANG_CXX_LIBRARY = "libc++";
				CLANG_ENABLE_MODULES = YES;
				CLANG_ENABLE_OBJC_ARC = YES;
				CLANG_ENABLE_OBJC_WEAK = YES;
				CLANG_WARN_BLOCK_CAPTURE_AUTORELEASING = YES;
				CLANG_WARN_BOOL_CONVERSION = YES;
				CLANG_WARN_COMMA = YES;
				CLANG_WARN_CONSTANT_CONVERSION = YES;
				CLANG_WARN_DEPRECATED_OBJC_IMPLEMENTATIONS = YES;
				CLANG_WARN_DIRECT_OBJC_ISA_USAGE = YES_ERROR;
				CLANG_WARN_DOCUMENTATION_COMMENTS = YES;
				CLANG_WARN_EMPTY_BODY = YES;
				CLANG_WARN_ENUM_CONVERSION = YES;
				CLANG_WARN_INFINITE_RECURSION = YES;
				CLANG_WARN_INT_CONVERSION = YES;
				CLANG_WARN_NON_LITERAL_NULL_CONVERSION = YES;
				CLANG_WARN_OBJC_IMPLICIT_RETAIN_SELF = YES;
				CLANG_WARN_OBJC_LITERAL_CONVERSION = YES;
				CLANG_WARN_OBJC_ROOT_CLASS = YES_ERROR;
				CLANG_WARN_RANGE_LOOP_ANALYSIS = YES;
				CLANG_WARN_STRICT_PROTOTYPES = YES;
				CLANG_WARN_SUSPICIOUS_MOVE = YES;
				CLANG_WARN_UNGUARDED_AVAILABILITY = YES_AGGRESSIVE;
				CLANG_WARN_UNREACHABLE_CODE = YES;
				CLANG_WARN__DUPLICATE_METHOD_MATCH = YES;
				CODE_SIGN_IDENTITY = "iPhone Developer";
				COPY_PHASE_STRIP = NO;
				DEBUG_INFORMATION_FORMAT = dwarf;
				ENABLE_STRICT_OBJC_MSGSEND = YES;
				ENABLE_TESTABILITY = YES;
				GCC_C_LANGUAGE_STANDARD = gnu11;
				GCC_DYNAMIC_NO_PIC = NO;
				GCC_NO_COMMON_BLOCKS = YES;
				GCC_OPTIMIZATION_LEVEL = 0;
				GCC_PREPROCESSOR_DEFINITIONS = (
					"DEBUG=1",
					"$(inherited)",
				);
				GCC_WARN_64_TO_32_BIT_CONVERSION = YES;
				GCC_WARN_ABOUT_RETURN_TYPE = YES_ERROR;
				GCC_WARN_UNDECLARED_SELECTOR = YES;
				GCC_WARN_UNINITIALIZED_AUTOS = YES_AGGRESSIVE;
				GCC_WARN_UNUSED_FUNCTION = YES;
				GCC_WARN_UNUSED_VARIABLE = YES;
				IPHONEOS_DEPLOYMENT_TARGET = 11.3;
				MTL_ENABLE_DEBUG_INFO = YES;
				ONLY_ACTIVE_ARCH = YES;
				SDKROOT = iphoneos;
				SWIFT_ACTIVE_COMPILATION_CONDITIONS = DEBUG;
				SWIFT_OPTIMIZATION_LEVEL = "-Onone";
			};
			name = Debug;
		};
		8493D50C208674D500E07080 /* Release */ = {
			isa = XCBuildConfiguration;
			buildSettings = {
				ALWAYS_SEARCH_USER_PATHS = NO;
				CLANG_ANALYZER_NONNULL = YES;
				CLANG_ANALYZER_NUMBER_OBJECT_CONVERSION = YES_AGGRESSIVE;
				CLANG_CXX_LANGUAGE_STANDARD = "gnu++14";
				CLANG_CXX_LIBRARY = "libc++";
				CLANG_ENABLE_MODULES = YES;
				CLANG_ENABLE_OBJC_ARC = YES;
				CLANG_ENABLE_OBJC_WEAK = YES;
				CLANG_WARN_BLOCK_CAPTURE_AUTORELEASING = YES;
				CLANG_WARN_BOOL_CONVERSION = YES;
				CLANG_WARN_COMMA = YES;
				CLANG_WARN_CONSTANT_CONVERSION = YES;
				CLANG_WARN_DEPRECATED_OBJC_IMPLEMENTATIONS = YES;
				CLANG_WARN_DIRECT_OBJC_ISA_USAGE = YES_ERROR;
				CLANG_WARN_DOCUMENTATION_COMMENTS = YES;
				CLANG_WARN_EMPTY_BODY = YES;
				CLANG_WARN_ENUM_CONVERSION = YES;
				CLANG_WARN_INFINITE_RECURSION = YES;
				CLANG_WARN_INT_CONVERSION = YES;
				CLANG_WARN_NON_LITERAL_NULL_CONVERSION = YES;
				CLANG_WARN_OBJC_IMPLICIT_RETAIN_SELF = YES;
				CLANG_WARN_OBJC_LITERAL_CONVERSION = YES;
				CLANG_WARN_OBJC_ROOT_CLASS = YES_ERROR;
				CLANG_WARN_RANGE_LOOP_ANALYSIS = YES;
				CLANG_WARN_STRICT_PROTOTYPES = YES;
				CLANG_WARN_SUSPICIOUS_MOVE = YES;
				CLANG_WARN_UNGUARDED_AVAILABILITY = YES_AGGRESSIVE;
				CLANG_WARN_UNREACHABLE_CODE = YES;
				CLANG_WARN__DUPLICATE_METHOD_MATCH = YES;
				CODE_SIGN_IDENTITY = "iPhone Developer";
				COPY_PHASE_STRIP = NO;
				DEBUG_INFORMATION_FORMAT = "dwarf-with-dsym";
				ENABLE_NS_ASSERTIONS = NO;
				ENABLE_STRICT_OBJC_MSGSEND = YES;
				GCC_C_LANGUAGE_STANDARD = gnu11;
				GCC_NO_COMMON_BLOCKS = YES;
				GCC_WARN_64_TO_32_BIT_CONVERSION = YES;
				GCC_WARN_ABOUT_RETURN_TYPE = YES_ERROR;
				GCC_WARN_UNDECLARED_SELECTOR = YES;
				GCC_WARN_UNINITIALIZED_AUTOS = YES_AGGRESSIVE;
				GCC_WARN_UNUSED_FUNCTION = YES;
				GCC_WARN_UNUSED_VARIABLE = YES;
				IPHONEOS_DEPLOYMENT_TARGET = 11.3;
				MTL_ENABLE_DEBUG_INFO = NO;
				SDKROOT = iphoneos;
				SWIFT_COMPILATION_MODE = wholemodule;
				SWIFT_OPTIMIZATION_LEVEL = "-O";
				VALIDATE_PRODUCT = YES;
			};
			name = Release;
		};
		8493D50E208674D500E07080 /* Debug */ = {
			isa = XCBuildConfiguration;
			buildSettings = {
				ASSETCATALOG_COMPILER_APPICON_NAME = AppIcon;
				CODE_SIGN_STYLE = Automatic;
				INFOPLIST_FILE = RafaelSoares/Info.plist;
				LD_RUNPATH_SEARCH_PATHS = (
					"$(inherited)",
					"@executable_path/Frameworks",
				);
				PRODUCT_BUNDLE_IDENTIFIER = br.com.fiap.RafaelSoares;
				PRODUCT_NAME = "$(TARGET_NAME)";
				SWIFT_VERSION = 4.0;
				TARGETED_DEVICE_FAMILY = 1;
			};
			name = Debug;
		};
		8493D50F208674D500E07080 /* Release */ = {
			isa = XCBuildConfiguration;
			buildSettings = {
				ASSETCATALOG_COMPILER_APPICON_NAME = AppIcon;
				CODE_SIGN_STYLE = Automatic;
				INFOPLIST_FILE = RafaelSoares/Info.plist;
				LD_RUNPATH_SEARCH_PATHS = (
					"$(inherited)",
					"@executable_path/Frameworks",
				);
				PRODUCT_BUNDLE_IDENTIFIER = br.com.fiap.RafaelSoares;
				PRODUCT_NAME = "$(TARGET_NAME)";
				SWIFT_VERSION = 4.0;
				TARGETED_DEVICE_FAMILY = 1;
			};
			name = Release;
		};
/* End XCBuildConfiguration section */

/* Begin XCConfigurationList section */
		8493D4F6208674D300E07080 /* Build configuration list for PBXProject "RafaelSoares" */ = {
			isa = XCConfigurationList;
			buildConfigurations = (
				8493D50B208674D500E07080 /* Debug */,
				8493D50C208674D500E07080 /* Release */,
			);
			defaultConfigurationIsVisible = 0;
			defaultConfigurationName = Release;
		};
		8493D50D208674D500E07080 /* Build configuration list for PBXNativeTarget "RafaelSoares" */ = {
			isa = XCConfigurationList;
			buildConfigurations = (
				8493D50E208674D500E07080 /* Debug */,
				8493D50F208674D500E07080 /* Release */,
			);
			defaultConfigurationIsVisible = 0;
			defaultConfigurationName = Release;
		};
/* End XCConfigurationList section */

/* Begin XCVersionGroup section */
		846CACD42088C548006B4D10 /* ComprasUSA.xcdatamodeld */ = {
			isa = XCVersionGroup;
			children = (
				846CACD52088C548006B4D10 /* ComprasUSA.xcdatamodel */,
			);
			currentVersion = 846CACD52088C548006B4D10 /* ComprasUSA.xcdatamodel */;
			path = ComprasUSA.xcdatamodeld;
			sourceTree = "<group>";
			versionGroupType = wrapper.xcdatamodel;
		};
/* End XCVersionGroup section */
	};
	rootObject = 8493D4F3208674D300E07080 /* Project object */;
}
